
Microsoft Visual Studio Solution File, Format Version 12.00
# Visual Studio Version 16
VisualStudioVersion = 16.0.28803.202
MinimumVisualStudioVersion = 10.0.40219.1
Project("{FAE04EC0-301F-11D3-BF4B-00C04F79EFBC}") = "laba11", "DB_Lab11\laba11.csproj", "{B10DD8C6-FC20-473A-8015-EEF7CC5F00FE}"
EndProject
Global
	GlobalSection(SolutionConfigurationPlatforms) = preSolution
		Debug|Any CPU = Debug|Any CPU
		Release|Any CPU = Release|Any CPU
	EndGlobalSection
	GlobalSection(ProjectConfigurationPlatforms) = postSolution
		{B10DD8C6-FC20-473A-8015-EEF7CC5F00FE}.Debug|Any CPU.ActiveCfg = Debug|Any CPU
		{B10DD8C6-FC20-473A-8015-EEF7CC5F00FE}.Debug|Any CPU.Build.0 = Debug|Any CPU
		{B10DD8C6-FC20-473A-8015-EEF7CC5F00FE}.Release|Any CPU.ActiveCfg = Release|Any CPU
		{B10DD8C6-FC20-473A-8015-EEF7CC5F00FE}.Release|Any CPU.Build.0 = Release|Any CPU
	EndGlobalSection
	GlobalSection(SolutionProperties) = preSolution
		HideSolutionNode = FALSE
	EndGlobalSection
	GlobalSection(ExtensibilityGlobals) = postSolution
		SolutionGuid = {D5EF3080-58AF-46D7-B855-8023F12DF7A9}
	EndGlobalSection
EndGlobal
